
Microsoft Visual Studio Solution File, Format Version 12.00
# Visual Studio Version 16
VisualStudioVersion = 16.0.30523.141
MinimumVisualStudioVersion = 10.0.40219.1
Project("{9A19103F-16F7-4668-BE54-9A1E7A4F7556}") = "BackEnd_TeleAtlantico", "BackEnd_TeleAtlantico\BackEnd_TeleAtlantico.csproj", "{F33DCB79-FAD6-4E0D-82A4-CE60F11DB0F6}"
EndProject
Project("{9A19103F-16F7-4668-BE54-9A1E7A4F7556}") = "Presentation_TeleAtlantico", "Presentation_TeleAtlantico\Presentation_TeleAtlantico.csproj", "{326B5A7E-C520-46B3-99A3-398983B4257A}"
EndProject
Global
	GlobalSection(SolutionConfigurationPlatforms) = preSolution
		Debug|Any CPU = Debug|Any CPU
		Release|Any CPU = Release|Any CPU
	EndGlobalSection
	GlobalSection(ProjectConfigurationPlatforms) = postSolution
		{F33DCB79-FAD6-4E0D-82A4-CE60F11DB0F6}.Debug|Any CPU.ActiveCfg = Debug|Any CPU
		{F33DCB79-FAD6-4E0D-82A4-CE60F11DB0F6}.Debug|Any CPU.Build.0 = Debug|Any CPU
		{F33DCB79-FAD6-4E0D-82A4-CE60F11DB0F6}.Release|Any CPU.ActiveCfg = Release|Any CPU
		{F33DCB79-FAD6-4E0D-82A4-CE60F11DB0F6}.Release|Any CPU.Build.0 = Release|Any CPU
		{326B5A7E-C520-46B3-99A3-398983B4257A}.Debug|Any CPU.ActiveCfg = Debug|Any CPU
		{326B5A7E-C520-46B3-99A3-398983B4257A}.Debug|Any CPU.Build.0 = Debug|Any CPU
		{326B5A7E-C520-46B3-99A3-398983B4257A}.Release|Any CPU.ActiveCfg = Release|Any CPU
		{326B5A7E-C520-46B3-99A3-398983B4257A}.Release|Any CPU.Build.0 = Release|Any CPU
	EndGlobalSection
	GlobalSection(SolutionProperties) = preSolution
		HideSolutionNode = FALSE
	EndGlobalSection
	GlobalSection(ExtensibilityGlobals) = postSolution
		SolutionGuid = {F07DE4E2-49C3-48E0-B95C-42045597AA34}
	EndGlobalSection
EndGlobal
